Microsoft Visual Studio Solution File, Format Version 12.00
# Visual Studio Version 17
VisualStudioVersion = 17.9.34728.123
MinimumVisualStudioVersion = 10.0.40219.1
Project("{9A19103F-16F7-4668-BE54-9A1E7A4F7556}") = "XFEExtension.NetCore.XApp.Core", "XFEExtension.NetCore.XApp.Core\XFEExtension.NetCore.XApp.Core.csproj", "{C4A15B7C-2FFD-423F-9A8D-8F918F367B07}"
EndProject
Project("{FAE04EC0-301F-11D3-BF4B-00C04F79EFBC}") = "XFEExtension.NetCore.XApp.Core.Test", "XFEExtension.NetCore.XApp.Core.Test\XFEExtension.NetCore.XApp.Core.Test.csproj", "{0C2C3C75-2047-4EC4-A56C-A529552452B5}"
	ProjectSection(ProjectDependencies) = postProject
		{C4A15B7C-2FFD-423F-9A8D-8F918F367B07} = {C4A15B7C-2FFD-423F-9A8D-8F918F367B07}
	EndProjectSection
EndProject
Global
	GlobalSection(SolutionConfigurationPlatforms) = preSolution
		Debug|Any CPU = Debug|Any CPU
		Release|Any CPU = Release|Any CPU
	EndGlobalSection
	GlobalSection(ProjectConfigurationPlatforms) = postSolution
		{0C2C3C75-2047-4EC4-A56C-A529552452B5}.Debug|Any CPU.ActiveCfg = Debug|Any CPU
		{0C2C3C75-2047-4EC4-A56C-A529552452B5}.Debug|Any CPU.Build.0 = Debug|Any CPU
		{0C2C3C75-2047-4EC4-A56C-A529552452B5}.Release|Any CPU.ActiveCfg = Release|Any CPU
		{0C2C3C75-2047-4EC4-A56C-A529552452B5}.Release|Any CPU.Build.0 = Release|Any CPU
		{C4A15B7C-2FFD-423F-9A8D-8F918F367B07}.Debug|Any CPU.ActiveCfg = Debug|Any CPU
		{C4A15B7C-2FFD-423F-9A8D-8F918F367B07}.Debug|Any CPU.Build.0 = Debug|Any CPU
		{C4A15B7C-2FFD-423F-9A8D-8F918F367B07}.Release|Any CPU.ActiveCfg = Release|Any CPU
		{C4A15B7C-2FFD-423F-9A8D-8F918F367B07}.Release|Any CPU.Build.0 = Release|Any CPU
	EndGlobalSection
	GlobalSection(SolutionProperties) = preSolution
		HideSolutionNode = FALSE
	EndGlobalSection
	GlobalSection(ExtensibilityGlobals) = postSolution
		SolutionGuid = {5A357989-C562-42B0-B7B3-B47AC52418C9}
	EndGlobalSection
EndGlobal
